// !$*UTF8*$!
{
	archiveVersion = 1;
	classes = {
	};
	objectVersion = 56;
	objects = {

/* Begin PBXBuildFile section */
		0D4470942BD8613200EED238 /* NYTimesSwiftUIApp.swift in Sources */ = {isa = PBXBuildFile; fileRef = 0D4470932BD8613200EED238 /* NYTimesSwiftUIApp.swift */; };
		0D4470982BD8613400EED238 /* Assets.xcassets in Resources */ = {isa = PBXBuildFile; fileRef = 0D4470972BD8613400EED238 /* Assets.xcassets */; };
		0D44709B2BD8613400EED238 /* Preview Assets.xcassets in Resources */ = {isa = PBXBuildFile; fileRef = 0D44709A2BD8613400EED238 /* Preview Assets.xcassets */; };
		0D4470AF2BD8613500EED238 /* NYTimesSwiftUIUITests.swift in Sources */ = {isa = PBXBuildFile; fileRef = 0D4470AE2BD8613500EED238 /* NYTimesSwiftUIUITests.swift */; };
		0D4470B12BD8613500EED238 /* NYTimesSwiftUIUITestsLaunchTests.swift in Sources */ = {isa = PBXBuildFile; fileRef = 0D4470B02BD8613500EED238 /* NYTimesSwiftUIUITestsLaunchTests.swift */; };
		0D4470DF2BD8684B00EED238 /* NYTimesSwiftUI-Dev.xcconfig in Resources */ = {isa = PBXBuildFile; fileRef = 0D4470DE2BD8684B00EED238 /* NYTimesSwiftUI-Dev.xcconfig */; };
		0D4470E12BD8686600EED238 /* NYTimesSwiftUI-QA.xcconfig in Resources */ = {isa = PBXBuildFile; fileRef = 0D4470E02BD8686600EED238 /* NYTimesSwiftUI-QA.xcconfig */; };
		0D4470E32BD8688200EED238 /* NYTimesSwiftUI-Prod.xcconfig in Resources */ = {isa = PBXBuildFile; fileRef = 0D4470E22BD8688200EED238 /* NYTimesSwiftUI-Prod.xcconfig */; };
		0D4470E62BD869DF00EED238 /* ConfigrationManager.swift in Sources */ = {isa = PBXBuildFile; fileRef = 0D4470E52BD869DF00EED238 /* ConfigrationManager.swift */; };
		0D4470EB2BD86B2600EED238 /* NetworkManager.swift in Sources */ = {isa = PBXBuildFile; fileRef = 0D4470EA2BD86B2600EED238 /* NetworkManager.swift */; };
		0D4470EE2BD86B6A00EED238 /* ArticleModel.swift in Sources */ = {isa = PBXBuildFile; fileRef = 0D4470ED2BD86B6A00EED238 /* ArticleModel.swift */; };
		0D4470F92BD873B500EED238 /* HomeView.swift in Sources */ = {isa = PBXBuildFile; fileRef = 0D4470F82BD873B500EED238 /* HomeView.swift */; };
		0D4470FB2BD873C100EED238 /* HomeViewModel.swift in Sources */ = {isa = PBXBuildFile; fileRef = 0D4470FA2BD873C100EED238 /* HomeViewModel.swift */; };
		0D4470FD2BD873DD00EED238 /* ListRow.swift in Sources */ = {isa = PBXBuildFile; fileRef = 0D4470FC2BD873DD00EED238 /* ListRow.swift */; };
		0D4471022BD8754500EED238 /* Log.swift in Sources */ = {isa = PBXBuildFile; fileRef = 0D4471012BD8754500EED238 /* Log.swift */; };
		0D4471132BD8E72F00EED238 /* DetailView.swift in Sources */ = {isa = PBXBuildFile; fileRef = 0D4471122BD8E72F00EED238 /* DetailView.swift */; };
		0D4471832BE2F9A100EED238 /* APIConstants.swift in Sources */ = {isa = PBXBuildFile; fileRef = 0D4471822BE2F9A100EED238 /* APIConstants.swift */; };
		0D4472112BE68B8E00EED238 /* NetworkingError.swift in Sources */ = {isa = PBXBuildFile; fileRef = 0D4472102BE68B8E00EED238 /* NetworkingError.swift */; };
		0D4472132BE68BE400EED238 /* StaticJSONMapper.swift in Sources */ = {isa = PBXBuildFile; fileRef = 0D4472122BE68BE400EED238 /* StaticJSONMapper.swift */; };
		0D44721A2BE68C9B00EED238 /* HomeViewModelSuccessTests.swift in Sources */ = {isa = PBXBuildFile; fileRef = 0D4472192BE68C9B00EED238 /* HomeViewModelSuccessTests.swift */; };
		0D44721C2BE68CAE00EED238 /* HomeViewModelFailureTests.swift in Sources */ = {isa = PBXBuildFile; fileRef = 0D44721B2BE68CAE00EED238 /* HomeViewModelFailureTests.swift */; };
		0D44721E2BE68CC000EED238 /* JSONMapperTests.swift in Sources */ = {isa = PBXBuildFile; fileRef = 0D44721D2BE68CC000EED238 /* JSONMapperTests.swift */; };
		0D4472222BE68D7900EED238 /* ArticleData.json in Resources */ = {isa = PBXBuildFile; fileRef = 0D4472212BE68D7900EED238 /* ArticleData.json */; };
		0D4472262BE68DBF00EED238 /* SingleArticleData.json in Resources */ = {isa = PBXBuildFile; fileRef = 0D4472252BE68DBF00EED238 /* SingleArticleData.json */; };
		0D4472282BE6E93200EED238 /* ArticleServiceImpSuccessMock.swift in Sources */ = {isa = PBXBuildFile; fileRef = 0D4472272BE6E93200EED238 /* ArticleServiceImpSuccessMock.swift */; };
		0D44722A2BE6E94900EED238 /* ArticleServiceImpFailureMock.swift in Sources */ = {isa = PBXBuildFile; fileRef = 0D4472292BE6E94900EED238 /* ArticleServiceImpFailureMock.swift */; };
		0D44722C2BE6EAE000EED238 /* ArticleAPIService.swift in Sources */ = {isa = PBXBuildFile; fileRef = 0D44722B2BE6EAE000EED238 /* ArticleAPIService.swift */; };
		0D44722E2BE902C800EED238 /* LoadingView.swift in Sources */ = {isa = PBXBuildFile; fileRef = 0D44722D2BE902C800EED238 /* LoadingView.swift */; };
		0D4472322BE9249400EED238 /* NYEmptyView.swift in Sources */ = {isa = PBXBuildFile; fileRef = 0D4472312BE9249400EED238 /* NYEmptyView.swift */; };
/* End PBXBuildFile section */

/* Begin PBXContainerItemProxy section */
		0D4470A12BD8613500EED238 /* PBXContainerItemProxy */ = {
			isa = PBXContainerItemProxy;
			containerPortal = 0D4470882BD8613200EED238 /* Project object */;
			proxyType = 1;
			remoteGlobalIDString = 0D44708F2BD8613200EED238;
			remoteInfo = NYTimesSwiftUI;
		};
		0D4470AB2BD8613500EED238 /* PBXContainerItemProxy */ = {
			isa = PBXContainerItemProxy;
			containerPortal = 0D4470882BD8613200EED238 /* Project object */;
			proxyType = 1;
			remoteGlobalIDString = 0D44708F2BD8613200EED238;
			remoteInfo = NYTimesSwiftUI;
		};
/* End PBXContainerItemProxy section */

/* Begin PBXFileReference section */
		0D4470902BD8613200EED238 /* NYTimesSwiftUI.app */ = {isa = PBXFileReference; explicitFileType = wrapper.application; includeInIndex = 0; path = NYTimesSwiftUI.app; sourceTree = BUILT_PRODUCTS_DIR; };
		0D4470932BD8613200EED238 /* NYTimesSwiftUIApp.swift */ = {isa = PBXFileReference; lastKnownFileType = sourcecode.swift; path = NYTimesSwiftUIApp.swift; sourceTree = "<group>"; };
		0D4470972BD8613400EED238 /* Assets.xcassets */ = {isa = PBXFileReference; lastKnownFileType = folder.assetcatalog; path = Assets.xcassets; sourceTree = "<group>"; };
		0D44709A2BD8613400EED238 /* Preview Assets.xcassets */ = {isa = PBXFileReference; lastKnownFileType = folder.assetcatalog; path = "Preview Assets.xcassets"; sourceTree = "<group>"; };
		0D4470A02BD8613500EED238 /* NYTimesSwiftUITests.xctest */ = {isa = PBXFileReference; explicitFileType = wrapper.cfbundle; includeInIndex = 0; path = NYTimesSwiftUITests.xctest; sourceTree = BUILT_PRODUCTS_DIR; };
		0D4470AA2BD8613500EED238 /* NYTimesSwiftUIUITests.xctest */ = {isa = PBXFileReference; explicitFileType = wrapper.cfbundle; includeInIndex = 0; path = NYTimesSwiftUIUITests.xctest; sourceTree = BUILT_PRODUCTS_DIR; };
		0D4470AE2BD8613500EED238 /* NYTimesSwiftUIUITests.swift */ = {isa = PBXFileReference; lastKnownFileType = sourcecode.swift; path = NYTimesSwiftUIUITests.swift; sourceTree = "<group>"; };
		0D4470B02BD8613500EED238 /* NYTimesSwiftUIUITestsLaunchTests.swift */ = {isa = PBXFileReference; lastKnownFileType = sourcecode.swift; path = NYTimesSwiftUIUITestsLaunchTests.swift; sourceTree = "<group>"; };
		0D4470DE2BD8684B00EED238 /* NYTimesSwiftUI-Dev.xcconfig */ = {isa = PBXFileReference; lastKnownFileType = text.xcconfig; path = "NYTimesSwiftUI-Dev.xcconfig"; sourceTree = "<group>"; };
		0D4470E02BD8686600EED238 /* NYTimesSwiftUI-QA.xcconfig */ = {isa = PBXFileReference; lastKnownFileType = text.xcconfig; path = "NYTimesSwiftUI-QA.xcconfig"; sourceTree = "<group>"; };
		0D4470E22BD8688200EED238 /* NYTimesSwiftUI-Prod.xcconfig */ = {isa = PBXFileReference; lastKnownFileType = text.xcconfig; path = "NYTimesSwiftUI-Prod.xcconfig"; sourceTree = "<group>"; };
		0D4470E42BD8699D00EED238 /* Info.plist */ = {isa = PBXFileReference; lastKnownFileType = text.plist; path = Info.plist; sourceTree = "<group>"; };
		0D4470E52BD869DF00EED238 /* ConfigrationManager.swift */ = {isa = PBXFileReference; lastKnownFileType = sourcecode.swift; path = ConfigrationManager.swift; sourceTree = "<group>"; };
		0D4470EA2BD86B2600EED238 /* NetworkManager.swift */ = {isa = PBXFileReference; lastKnownFileType = sourcecode.swift; path = NetworkManager.swift; sourceTree = "<group>"; };
		0D4470ED2BD86B6A00EED238 /* ArticleModel.swift */ = {isa = PBXFileReference; lastKnownFileType = sourcecode.swift; path = ArticleModel.swift; sourceTree = "<group>"; };
		0D4470F82BD873B500EED238 /* HomeView.swift */ = {isa = PBXFileReference; lastKnownFileType = sourcecode.swift; path = HomeView.swift; sourceTree = "<group>"; };
		0D4470FA2BD873C100EED238 /* HomeViewModel.swift */ = {isa = PBXFileReference; lastKnownFileType = sourcecode.swift; path = HomeViewModel.swift; sourceTree = "<group>"; };
		0D4470FC2BD873DD00EED238 /* ListRow.swift */ = {isa = PBXFileReference; lastKnownFileType = sourcecode.swift; path = ListRow.swift; sourceTree = "<group>"; };
		0D4471012BD8754500EED238 /* Log.swift */ = {isa = PBXFileReference; lastKnownFileType = sourcecode.swift; path = Log.swift; sourceTree = "<group>"; };
		0D4471122BD8E72F00EED238 /* DetailView.swift */ = {isa = PBXFileReference; lastKnownFileType = sourcecode.swift; path = DetailView.swift; sourceTree = "<group>"; };
		0D4471822BE2F9A100EED238 /* APIConstants.swift */ = {isa = PBXFileReference; lastKnownFileType = sourcecode.swift; path = APIConstants.swift; sourceTree = "<group>"; };
		0D4472102BE68B8E00EED238 /* NetworkingError.swift */ = {isa = PBXFileReference; lastKnownFileType = sourcecode.swift; path = NetworkingError.swift; sourceTree = "<group>"; };
		0D4472122BE68BE400EED238 /* StaticJSONMapper.swift */ = {isa = PBXFileReference; lastKnownFileType = sourcecode.swift; path = StaticJSONMapper.swift; sourceTree = "<group>"; };
		0D4472192BE68C9B00EED238 /* HomeViewModelSuccessTests.swift */ = {isa = PBXFileReference; lastKnownFileType = sourcecode.swift; path = HomeViewModelSuccessTests.swift; sourceTree = "<group>"; };
		0D44721B2BE68CAE00EED238 /* HomeViewModelFailureTests.swift */ = {isa = PBXFileReference; lastKnownFileType = sourcecode.swift; path = HomeViewModelFailureTests.swift; sourceTree = "<group>"; };
		0D44721D2BE68CC000EED238 /* JSONMapperTests.swift */ = {isa = PBXFileReference; lastKnownFileType = sourcecode.swift; path = JSONMapperTests.swift; sourceTree = "<group>"; };
		0D4472212BE68D7900EED238 /* ArticleData.json */ = {isa = PBXFileReference; lastKnownFileType = text.json; path = ArticleData.json; sourceTree = "<group>"; };
		0D4472252BE68DBF00EED238 /* SingleArticleData.json */ = {isa = PBXFileReference; lastKnownFileType = text.json; path = SingleArticleData.json; sourceTree = "<group>"; };
		0D4472272BE6E93200EED238 /* ArticleServiceImpSuccessMock.swift */ = {isa = PBXFileReference; lastKnownFileType = sourcecode.swift; path = ArticleServiceImpSuccessMock.swift; sourceTree = "<group>"; };
		0D4472292BE6E94900EED238 /* ArticleServiceImpFailureMock.swift */ = {isa = PBXFileReference; lastKnownFileType = sourcecode.swift; path = ArticleServiceImpFailureMock.swift; sourceTree = "<group>"; };
		0D44722B2BE6EAE000EED238 /* ArticleAPIService.swift */ = {isa = PBXFileReference; lastKnownFileType = sourcecode.swift; path = ArticleAPIService.swift; sourceTree = "<group>"; };
		0D44722D2BE902C800EED238 /* LoadingView.swift */ = {isa = PBXFileReference; lastKnownFileType = sourcecode.swift; path = LoadingView.swift; sourceTree = "<group>"; };
		0D4472312BE9249400EED238 /* NYEmptyView.swift */ = {isa = PBXFileReference; lastKnownFileType = sourcecode.swift; path = NYEmptyView.swift; sourceTree = "<group>"; };
/* End PBXFileReference section */

/* Begin PBXFrameworksBuildPhase section */
		0D44708D2BD8613200EED238 /* Frameworks */ = {
			isa = PBXFrameworksBuildPhase;
			buildActionMask = 2147483647;
			files = (
			);
			runOnlyForDeploymentPostprocessing = 0;
		};
		0D44709D2BD8613500EED238 /* Frameworks */ = {
			isa = PBXFrameworksBuildPhase;
			buildActionMask = 2147483647;
			files = (
			);
			runOnlyForDeploymentPostprocessing = 0;
		};
		0D4470A72BD8613500EED238 /* Frameworks */ = {
			isa = PBXFrameworksBuildPhase;
			buildActionMask = 2147483647;
			files = (
			);
			runOnlyForDeploymentPostprocessing = 0;
		};
/* End PBXFrameworksBuildPhase section */

/* Begin PBXGroup section */
		0D4470872BD8613200EED238 = {
			isa = PBXGroup;
			children = (
				0D4470922BD8613200EED238 /* NYTimesSwiftUI */,
				0D4470A32BD8613500EED238 /* NYTimesSwiftUITests */,
				0D4470AD2BD8613500EED238 /* NYTimesSwiftUIUITests */,
				0D4470912BD8613200EED238 /* Products */,
			);
			sourceTree = "<group>";
		};
		0D4470912BD8613200EED238 /* Products */ = {
			isa = PBXGroup;
			children = (
				0D4470902BD8613200EED238 /* NYTimesSwiftUI.app */,
				0D4470A02BD8613500EED238 /* NYTimesSwiftUITests.xctest */,
				0D4470AA2BD8613500EED238 /* NYTimesSwiftUIUITests.xctest */,
			);
			name = Products;
			sourceTree = "<group>";
		};
		0D4470922BD8613200EED238 /* NYTimesSwiftUI */ = {
			isa = PBXGroup;
			children = (
				0D4470932BD8613200EED238 /* NYTimesSwiftUIApp.swift */,
				0D4470F22BD8736600EED238 /* Core */,
				0D4470E72BD86AE600EED238 /* Services */,
				0D4470EC2BD86B5F00EED238 /* Model */,
				0D4470E82BD86AF000EED238 /* Utilities */,
				0D4471092BD8891800EED238 /* Extensions */,
				0D44721F2BE68D3C00EED238 /* Resources */,
				0D4470DD2BD867F400EED238 /* Configration */,
				0D4470E42BD8699D00EED238 /* Info.plist */,
				0D4470972BD8613400EED238 /* Assets.xcassets */,
				0D4470992BD8613400EED238 /* Preview Content */,
			);
			path = NYTimesSwiftUI;
			sourceTree = "<group>";
		};
		0D4470992BD8613400EED238 /* Preview Content */ = {
			isa = PBXGroup;
			children = (
				0D44709A2BD8613400EED238 /* Preview Assets.xcassets */,
			);
			path = "Preview Content";
			sourceTree = "<group>";
		};
		0D4470A32BD8613500EED238 /* NYTimesSwiftUITests */ = {
			isa = PBXGroup;
			children = (
				0D4472192BE68C9B00EED238 /* HomeViewModelSuccessTests.swift */,
				0D44721B2BE68CAE00EED238 /* HomeViewModelFailureTests.swift */,
				0D44721D2BE68CC000EED238 /* JSONMapperTests.swift */,
			);
			path = NYTimesSwiftUITests;
			sourceTree = "<group>";
		};
		0D4470AD2BD8613500EED238 /* NYTimesSwiftUIUITests */ = {
			isa = PBXGroup;
			children = (
				0D4470AE2BD8613500EED238 /* NYTimesSwiftUIUITests.swift */,
				0D4470B02BD8613500EED238 /* NYTimesSwiftUIUITestsLaunchTests.swift */,
			);
			path = NYTimesSwiftUIUITests;
			sourceTree = "<group>";
		};
		0D4470DD2BD867F400EED238 /* Configration */ = {
			isa = PBXGroup;
			children = (
				0D4470DE2BD8684B00EED238 /* NYTimesSwiftUI-Dev.xcconfig */,
				0D4470E02BD8686600EED238 /* NYTimesSwiftUI-QA.xcconfig */,
				0D4470E22BD8688200EED238 /* NYTimesSwiftUI-Prod.xcconfig */,
				0D4470E52BD869DF00EED238 /* ConfigrationManager.swift */,
			);
			path = Configration;
			sourceTree = "<group>";
		};
		0D4470E72BD86AE600EED238 /* Services */ = {
			isa = PBXGroup;
			children = (
				0D44722B2BE6EAE000EED238 /* ArticleAPIService.swift */,
				0D44720D2BE68AAC00EED238 /* MuckAPIServices */,
			);
			path = Services;
			sourceTree = "<group>";
		};
		0D4470E82BD86AF000EED238 /* Utilities */ = {
			isa = PBXGroup;
			children = (
				0D4470E92BD86AFD00EED238 /* NetworkManager */,
				0D4471812BE2F98600EED238 /* Constants */,
			);
			path = Utilities;
			sourceTree = "<group>";
		};
		0D4470E92BD86AFD00EED238 /* NetworkManager */ = {
			isa = PBXGroup;
			children = (
				0D4470EA2BD86B2600EED238 /* NetworkManager.swift */,
				0D4472102BE68B8E00EED238 /* NetworkingError.swift */,
			);
			path = NetworkManager;
			sourceTree = "<group>";
		};
		0D4470EC2BD86B5F00EED238 /* Model */ = {
			isa = PBXGroup;
			children = (
				0D4470ED2BD86B6A00EED238 /* ArticleModel.swift */,
			);
			path = Model;
			sourceTree = "<group>";
		};
		0D4470F22BD8736600EED238 /* Core */ = {
			isa = PBXGroup;
			children = (
				0D4470F32BD8738D00EED238 /* Home */,
				0D4471032BD8845A00EED238 /* Detail */,
				0D4470F52BD8739700EED238 /* Components */,
			);
			path = Core;
			sourceTree = "<group>";
		};
		0D4470F32BD8738D00EED238 /* Home */ = {
			isa = PBXGroup;
			children = (
				0D4470F72BD873A800EED238 /* ViewMode */,
				0D4470F62BD873A300EED238 /* View */,
			);
			path = Home;
			sourceTree = "<group>";
		};
		0D4470F52BD8739700EED238 /* Components */ = {
			isa = PBXGroup;
			children = (
				0D4470FC2BD873DD00EED238 /* ListRow.swift */,
				0D44722D2BE902C800EED238 /* LoadingView.swift */,
				0D4472312BE9249400EED238 /* NYEmptyView.swift */,
			);
			path = Components;
			sourceTree = "<group>";
		};
		0D4470F62BD873A300EED238 /* View */ = {
			isa = PBXGroup;
			children = (
				0D4470F82BD873B500EED238 /* HomeView.swift */,
			);
			path = View;
			sourceTree = "<group>";
		};
		0D4470F72BD873A800EED238 /* ViewMode */ = {
			isa = PBXGroup;
			children = (
				0D4470FA2BD873C100EED238 /* HomeViewModel.swift */,
			);
			path = ViewMode;
			sourceTree = "<group>";
		};
		0D4471032BD8845A00EED238 /* Detail */ = {
			isa = PBXGroup;
			children = (
				0D4471042BD8846000EED238 /* View */,
			);
			path = Detail;
			sourceTree = "<group>";
		};
		0D4471042BD8846000EED238 /* View */ = {
			isa = PBXGroup;
			children = (
				0D4471122BD8E72F00EED238 /* DetailView.swift */,
			);
			path = View;
			sourceTree = "<group>";
		};
		0D4471092BD8891800EED238 /* Extensions */ = {
			isa = PBXGroup;
			children = (
				0D4471012BD8754500EED238 /* Log.swift */,
				0D4472122BE68BE400EED238 /* StaticJSONMapper.swift */,
			);
			path = Extensions;
			sourceTree = "<group>";
		};
		0D4471812BE2F98600EED238 /* Constants */ = {
			isa = PBXGroup;
			children = (
				0D4471822BE2F9A100EED238 /* APIConstants.swift */,
			);
			path = Constants;
			sourceTree = "<group>";
		};
		0D44720D2BE68AAC00EED238 /* MuckAPIServices */ = {
			isa = PBXGroup;
			children = (
				0D4472272BE6E93200EED238 /* ArticleServiceImpSuccessMock.swift */,
				0D4472292BE6E94900EED238 /* ArticleServiceImpFailureMock.swift */,
			);
			path = MuckAPIServices;
			sourceTree = "<group>";
		};
		0D44721F2BE68D3C00EED238 /* Resources */ = {
			isa = PBXGroup;
			children = (
				0D4472202BE68D5A00EED238 /* JSON */,
			);
			path = Resources;
			sourceTree = "<group>";
		};
		0D4472202BE68D5A00EED238 /* JSON */ = {
			isa = PBXGroup;
			children = (
				0D4472212BE68D7900EED238 /* ArticleData.json */,
				0D4472252BE68DBF00EED238 /* SingleArticleData.json */,
			);
			path = JSON;
			sourceTree = "<group>";
		};
/* End PBXGroup section */

/* Begin PBXNativeTarget section */
		0D44708F2BD8613200EED238 /* NYTimesSwiftUI */ = {
			isa = PBXNativeTarget;
			buildConfigurationList = 0D4470B42BD8613500EED238 /* Build configuration list for PBXNativeTarget "NYTimesSwiftUI" */;
			buildPhases = (
				0D44708C2BD8613200EED238 /* Sources */,
				0D44708D2BD8613200EED238 /* Frameworks */,
				0D44708E2BD8613200EED238 /* Resources */,
			);
			buildRules = (
			);
			dependencies = (
			);
			name = NYTimesSwiftUI;
			productName = NYTimesSwiftUI;
			productReference = 0D4470902BD8613200EED238 /* NYTimesSwiftUI.app */;
			productType = "com.apple.product-type.application";
		};
		0D44709F2BD8613500EED238 /* NYTimesSwiftUITests */ = {
			isa = PBXNativeTarget;
			buildConfigurationList = 0D4470B72BD8613500EED238 /* Build configuration list for PBXNativeTarget "NYTimesSwiftUITests" */;
			buildPhases = (
				0D44709C2BD8613500EED238 /* Sources */,
				0D44709D2BD8613500EED238 /* Frameworks */,
				0D44709E2BD8613500EED238 /* Resources */,
			);
			buildRules = (
			);
			dependencies = (
				0D4470A22BD8613500EED238 /* PBXTargetDependency */,
			);
			name = NYTimesSwiftUITests;
			productName = NYTimesSwiftUITests;
			productReference = 0D4470A02BD8613500EED238 /* NYTimesSwiftUITests.xctest */;
			productType = "com.apple.product-type.bundle.unit-test";
		};
		0D4470A92BD8613500EED238 /* NYTimesSwiftUIUITests */ = {
			isa = PBXNativeTarget;
			buildConfigurationList = 0D4470BA2BD8613500EED238 /* Build configuration list for PBXNativeTarget "NYTimesSwiftUIUITests" */;
			buildPhases = (
				0D4470A62BD8613500EED238 /* Sources */,
				0D4470A72BD8613500EED238 /* Frameworks */,
				0D4470A82BD8613500EED238 /* Resources */,
			);
			buildRules = (
			);
			dependencies = (
				0D4470AC2BD8613500EED238 /* PBXTargetDependency */,
			);
			name = NYTimesSwiftUIUITests;
			productName = NYTimesSwiftUIUITests;
			productReference = 0D4470AA2BD8613500EED238 /* NYTimesSwiftUIUITests.xctest */;
			productType = "com.apple.product-type.bundle.ui-testing";
		};
/* End PBXNativeTarget section */

/* Begin PBXProject section */
		0D4470882BD8613200EED238 /* Project object */ = {
			isa = PBXProject;
			attributes = {
				BuildIndependentTargetsInParallel = 1;
				LastSwiftUpdateCheck = 1520;
				LastUpgradeCheck = 1520;
				TargetAttributes = {
					0D44708F2BD8613200EED238 = {
						CreatedOnToolsVersion = 15.2;
					};
					0D44709F2BD8613500EED238 = {
						CreatedOnToolsVersion = 15.2;
						TestTargetID = 0D44708F2BD8613200EED238;
					};
					0D4470A92BD8613500EED238 = {
						CreatedOnToolsVersion = 15.2;
						TestTargetID = 0D44708F2BD8613200EED238;
					};
				};
			};
			buildConfigurationList = 0D44708B2BD8613200EED238 /* Build configuration list for PBXProject "NYTimesSwiftUI" */;
			compatibilityVersion = "Xcode 14.0";
			developmentRegion = en;
			hasScannedForEncodings = 0;
			knownRegions = (
				en,
				Base,
			);
			mainGroup = 0D4470872BD8613200EED238;
			productRefGroup = 0D4470912BD8613200EED238 /* Products */;
			projectDirPath = "";
			projectRoot = "";
			targets = (
				0D44708F2BD8613200EED238 /* NYTimesSwiftUI */,
				0D44709F2BD8613500EED238 /* NYTimesSwiftUITests */,
				0D4470A92BD8613500EED238 /* NYTimesSwiftUIUITests */,
			);
		};
/* End PBXProject section */

/* Begin PBXResourcesBuildPhase section */
		0D44708E2BD8613200EED238 /* Resources */ = {
			isa = PBXResourcesBuildPhase;
			buildActionMask = 2147483647;
			files = (
				0D4470E12BD8686600EED238 /* NYTimesSwiftUI-QA.xcconfig in Resources */,
				0D44709B2BD8613400EED238 /* Preview Assets.xcassets in Resources */,
				0D4472222BE68D7900EED238 /* ArticleData.json in Resources */,
				0D4472262BE68DBF00EED238 /* SingleArticleData.json in Resources */,
				0D4470E32BD8688200EED238 /* NYTimesSwiftUI-Prod.xcconfig in Resources */,
				0D4470982BD8613400EED238 /* Assets.xcassets in Resources */,
				0D4470DF2BD8684B00EED238 /* NYTimesSwiftUI-Dev.xcconfig in Resources */,
			);
			runOnlyForDeploymentPostprocessing = 0;
		};
		0D44709E2BD8613500EED238 /* Resources */ = {
			isa = PBXResourcesBuildPhase;
			buildActionMask = 2147483647;
			files = (
			);
			runOnlyForDeploymentPostprocessing = 0;
		};
		0D4470A82BD8613500EED238 /* Resources */ = {
			isa = PBXResourcesBuildPhase;
			buildActionMask = 2147483647;
			files = (
			);
			runOnlyForDeploymentPostprocessing = 0;
		};
/* End PBXResourcesBuildPhase section */

/* Begin PBXSourcesBuildPhase section */
		0D44708C2BD8613200EED238 /* Sources */ = {
			isa = PBXSourcesBuildPhase;
			buildActionMask = 2147483647;
			files = (
				0D4470EB2BD86B2600EED238 /* NetworkManager.swift in Sources */,
				0D4470F92BD873B500EED238 /* HomeView.swift in Sources */,
				0D4471832BE2F9A100EED238 /* APIConstants.swift in Sources */,
				0D4471022BD8754500EED238 /* Log.swift in Sources */,
				0D44722C2BE6EAE000EED238 /* ArticleAPIService.swift in Sources */,
				0D4470FB2BD873C100EED238 /* HomeViewModel.swift in Sources */,
				0D4471132BD8E72F00EED238 /* DetailView.swift in Sources */,
				0D4470EE2BD86B6A00EED238 /* ArticleModel.swift in Sources */,
				0D4472112BE68B8E00EED238 /* NetworkingError.swift in Sources */,
				0D4472282BE6E93200EED238 /* ArticleServiceImpSuccessMock.swift in Sources */,
				0D4470E62BD869DF00EED238 /* ConfigrationManager.swift in Sources */,
				0D4470942BD8613200EED238 /* NYTimesSwiftUIApp.swift in Sources */,
				0D44722A2BE6E94900EED238 /* ArticleServiceImpFailureMock.swift in Sources */,
				0D4470FD2BD873DD00EED238 /* ListRow.swift in Sources */,
				0D4472322BE9249400EED238 /* NYEmptyView.swift in Sources */,
				0D4472132BE68BE400EED238 /* StaticJSONMapper.swift in Sources */,
				0D44722E2BE902C800EED238 /* LoadingView.swift in Sources */,
			);
			runOnlyForDeploymentPostprocessing = 0;
		};
		0D44709C2BD8613500EED238 /* Sources */ = {
			isa = PBXSourcesBuildPhase;
			buildActionMask = 2147483647;
			files = (
				0D44721E2BE68CC000EED238 /* JSONMapperTests.swift in Sources */,
				0D44721C2BE68CAE00EED238 /* HomeViewModelFailureTests.swift in Sources */,
				0D44721A2BE68C9B00EED238 /* HomeViewModelSuccessTests.swift in Sources */,
			);
			runOnlyForDeploymentPostprocessing = 0;
		};
		0D4470A62BD8613500EED238 /* Sources */ = {
			isa = PBXSourcesBuildPhase;
			buildActionMask = 2147483647;
			files = (
				0D4470B12BD8613500EED238 /* NYTimesSwiftUIUITestsLaunchTests.swift in Sources */,
				0D4470AF2BD8613500EED238 /* NYTimesSwiftUIUITests.swift in Sources */,
			);
			runOnlyForDeploymentPostprocessing = 0;
		};
/* End PBXSourcesBuildPhase section */

/* Begin PBXTargetDependency section */
		0D4470A22BD8613500EED238 /* PBXTargetDependency */ = {
			isa = PBXTargetDependency;
			target = 0D44708F2BD8613200EED238 /* NYTimesSwiftUI */;
			targetProxy = 0D4470A12BD8613500EED238 /* PBXContainerItemProxy */;
		};
		0D4470AC2BD8613500EED238 /* PBXTargetDependency */ = {
			isa = PBXTargetDependency;
			target = 0D44708F2BD8613200EED238 /* NYTimesSwiftUI */;
			targetProxy = 0D4470AB2BD8613500EED238 /* PBXContainerItemProxy */;
		};
/* End PBXTargetDependency section */

/* Begin XCBuildConfiguration section */
		0D4470B22BD8613500EED238 /* Debug-Dev */ = {
			isa = XCBuildConfiguration;
			buildSettings = {
				ALWAYS_SEARCH_USER_PATHS = NO;
				ASSETCATALOG_COMPILER_GENERATE_SWIFT_ASSET_SYMBOL_EXTENSIONS = YES;
				CLANG_ANALYZER_NONNULL = YES;
				CLANG_ANALYZER_NUMBER_OBJECT_CONVERSION = YES_AGGRESSIVE;
				CLANG_CXX_LANGUAGE_STANDARD = "gnu++20";
				CLANG_ENABLE_MODULES = YES;
				CLANG_ENABLE_OBJC_ARC = YES;
				CLANG_ENABLE_OBJC_WEAK = YES;
				CLANG_WARN_BLOCK_CAPTURE_AUTORELEASING = YES;
				CLANG_WARN_BOOL_CONVERSION = YES;
				CLANG_WARN_COMMA = YES;
				CLANG_WARN_CONSTANT_CONVERSION = YES;
				CLANG_WARN_DEPRECATED_OBJC_IMPLEMENTATIONS = YES;
				CLANG_WARN_DIRECT_OBJC_ISA_USAGE = YES_ERROR;
				CLANG_WARN_DOCUMENTATION_COMMENTS = YES;
				CLANG_WARN_EMPTY_BODY = YES;
				CLANG_WARN_ENUM_CONVERSION = YES;
				CLANG_WARN_INFINITE_RECURSION = YES;
				CLANG_WARN_INT_CONVERSION = YES;
				CLANG_WARN_NON_LITERAL_NULL_CONVERSION = YES;
				CLANG_WARN_OBJC_IMPLICIT_RETAIN_SELF = YES;
				CLANG_WARN_OBJC_LITERAL_CONVERSION = YES;
				CLANG_WARN_OBJC_ROOT_CLASS = YES_ERROR;
				CLANG_WARN_QUOTED_INCLUDE_IN_FRAMEWORK_HEADER = YES;
				CLANG_WARN_RANGE_LOOP_ANALYSIS = YES;
				CLANG_WARN_STRICT_PROTOTYPES = YES;
				CLANG_WARN_SUSPICIOUS_MOVE = YES;
				CLANG_WARN_UNGUARDED_AVAILABILITY = YES_AGGRESSIVE;
				CLANG_WARN_UNREACHABLE_CODE = YES;
				CLANG_WARN__DUPLICATE_METHOD_MATCH = YES;
				COPY_PHASE_STRIP = NO;
				DEBUG_INFORMATION_FORMAT = dwarf;
				ENABLE_STRICT_OBJC_MSGSEND = YES;
				ENABLE_TESTABILITY = YES;
				ENABLE_USER_SCRIPT_SANDBOXING = YES;
				GCC_C_LANGUAGE_STANDARD = gnu17;
				GCC_DYNAMIC_NO_PIC = NO;
				GCC_NO_COMMON_BLOCKS = YES;
				GCC_OPTIMIZATION_LEVEL = 0;
				GCC_PREPROCESSOR_DEFINITIONS = (
					"DEBUG=1",
					"$(inherited)",
				);
				GCC_WARN_64_TO_32_BIT_CONVERSION = YES;
				GCC_WARN_ABOUT_RETURN_TYPE = YES_ERROR;
				GCC_WARN_UNDECLARED_SELECTOR = YES;
				GCC_WARN_UNINITIALIZED_AUTOS = YES_AGGRESSIVE;
				GCC_WARN_UNUSED_FUNCTION = YES;
				GCC_WARN_UNUSED_VARIABLE = YES;
				INFOPLIST_KEY_CFBundleDisplayName = "NYTimesSwiftUI-Dev";
				IPHONEOS_DEPLOYMENT_TARGET = 15.0;
				LOCALIZATION_PREFERS_STRING_CATALOGS = YES;
				MTL_ENABLE_DEBUG_INFO = INCLUDE_SOURCE;
				MTL_FAST_MATH = YES;
				ONLY_ACTIVE_ARCH = YES;
				SDKROOT = iphoneos;
				SWIFT_ACTIVE_COMPILATION_CONDITIONS = "DEBUG $(inherited)";
				SWIFT_OPTIMIZATION_LEVEL = "-Onone";
			};
			name = "Debug-Dev";
		};
		0D4470B52BD8613500EED238 /* Debug-Dev */ = {
			isa = XCBuildConfiguration;
			baseConfigurationReference = 0D4470DE2BD8684B00EED238 /* NYTimesSwiftUI-Dev.xcconfig */;
			buildSettings = {
				ASSETCATALOG_COMPILER_APPICON_NAME = AppIcon;
				ASSETCATALOG_COMPILER_GLOBAL_ACCENT_COLOR_NAME = AccentColor;
				CODE_SIGN_STYLE = Automatic;
				CURRENT_PROJECT_VERSION = 1;
				DEVELOPMENT_ASSET_PATHS = "\"NYTimesSwiftUI/Preview Content\"";
				DEVELOPMENT_TEAM = 5JKZDTN9RT;
				ENABLE_PREVIEWS = YES;
				GENERATE_INFOPLIST_FILE = YES;
				INFOPLIST_FILE = NYTimesSwiftUI/Info.plist;
				INFOPLIST_KEY_CFBundleDisplayName = "NYTimesSwiftUI-Dev";
				INFOPLIST_KEY_UIApplicationSceneManifest_Generation = YES;
				INFOPLIST_KEY_UIApplicationSupportsIndirectInputEvents = YES;
				INFOPLIST_KEY_UILaunchScreen_Generation = YES;
				INFOPLIST_KEY_UISupportedInterfaceOrientations = UIInterfaceOrientationPortrait;
				IPHONEOS_DEPLOYMENT_TARGET = 15.0;
				LD_RUNPATH_SEARCH_PATHS = (
					"$(inherited)",
					"@executable_path/Frameworks",
				);
				MARKETING_VERSION = 1.0;
				PRODUCT_BUNDLE_IDENTIFIER = com.akalhawas.NYTimesSwiftUI.dev;
				PRODUCT_NAME = "$(TARGET_NAME)";
				SWIFT_ACTIVE_COMPILATION_CONDITIONS = "DEBUG DEV";
				SWIFT_EMIT_LOC_STRINGS = YES;
				SWIFT_VERSION = 5.0;
				TARGETED_DEVICE_FAMILY = "1,2";
			};
			name = "Debug-Dev";
		};
		0D4470B82BD8613500EED238 /* Debug-Dev */ = {
			isa = XCBuildConfiguration;
			buildSettings = {
				ALWAYS_EMBED_SWIFT_STANDARD_LIBRARIES = YES;
				BUNDLE_LOADER = "$(TEST_HOST)";
				CODE_SIGN_STYLE = Automatic;
				CURRENT_PROJECT_VERSION = 1;
				DEVELOPMENT_TEAM = 5JKZDTN9RT;
				GENERATE_INFOPLIST_FILE = YES;
				IPHONEOS_DEPLOYMENT_TARGET = 17.2;
				MARKETING_VERSION = 1.0;
				PRODUCT_BUNDLE_IDENTIFIER = com.akalhawas.NYTimesSwiftUITests;
				PRODUCT_NAME = "$(TARGET_NAME)";
				SWIFT_EMIT_LOC_STRINGS = NO;
				SWIFT_VERSION = 5.0;
				TARGETED_DEVICE_FAMILY = "1,2";
				TEST_HOST = "$(BUILT_PRODUCTS_DIR)/NYTimesSwiftUI.app/$(BUNDLE_EXECUTABLE_FOLDER_PATH)/NYTimesSwiftUI";
			};
			name = "Debug-Dev";
		};
		0D4470BB2BD8613500EED238 /* Debug-Dev */ = {
			isa = XCBuildConfiguration;
			buildSettings = {
				ALWAYS_EMBED_SWIFT_STANDARD_LIBRARIES = YES;
				CODE_SIGN_STYLE = Automatic;
				CURRENT_PROJECT_VERSION = 1;
				DEVELOPMENT_TEAM = 5JKZDTN9RT;
				GENERATE_INFOPLIST_FILE = YES;
				MARKETING_VERSION = 1.0;
				PRODUCT_BUNDLE_IDENTIFIER = com.akalhawas.NYTimesSwiftUIUITests;
				PRODUCT_NAME = "$(TARGET_NAME)";
				SWIFT_EMIT_LOC_STRINGS = NO;
				SWIFT_VERSION = 5.0;
				TARGETED_DEVICE_FAMILY = "1,2";
				TEST_TARGET_NAME = NYTimesSwiftUI;
			};
			name = "Debug-Dev";
		};
		0D4470C92BD8616F00EED238 /* Release-Dev */ = {
			isa = XCBuildConfiguration;
			buildSettings = {
				ALWAYS_SEARCH_USER_PATHS = NO;
				ASSETCATALOG_COMPILER_GENERATE_SWIFT_ASSET_SYMBOL_EXTENSIONS = YES;
				CLANG_ANALYZER_NONNULL = YES;
				CLANG_ANALYZER_NUMBER_OBJECT_CONVERSION = YES_AGGRESSIVE;
				CLANG_CXX_LANGUAGE_STANDARD = "gnu++20";
				CLANG_ENABLE_MODULES = YES;
				CLANG_ENABLE_OBJC_ARC = YES;
				CLANG_ENABLE_OBJC_WEAK = YES;
				CLANG_WARN_BLOCK_CAPTURE_AUTORELEASING = YES;
				CLANG_WARN_BOOL_CONVERSION = YES;
				CLANG_WARN_COMMA = YES;
				CLANG_WARN_CONSTANT_CONVERSION = YES;
				CLANG_WARN_DEPRECATED_OBJC_IMPLEMENTATIONS = YES;
				CLANG_WARN_DIRECT_OBJC_ISA_USAGE = YES_ERROR;
				CLANG_WARN_DOCUMENTATION_COMMENTS = YES;
				CLANG_WARN_EMPTY_BODY = YES;
				CLANG_WARN_ENUM_CONVERSION = YES;
				CLANG_WARN_INFINITE_RECURSION = YES;
				CLANG_WARN_INT_CONVERSION = YES;
				CLANG_WARN_NON_LITERAL_NULL_CONVERSION = YES;
				CLANG_WARN_OBJC_IMPLICIT_RETAIN_SELF = YES;
				CLANG_WARN_OBJC_LITERAL_CONVERSION = YES;
				CLANG_WARN_OBJC_ROOT_CLASS = YES_ERROR;
				CLANG_WARN_QUOTED_INCLUDE_IN_FRAMEWORK_HEADER = YES;
				CLANG_WARN_RANGE_LOOP_ANALYSIS = YES;
				CLANG_WARN_STRICT_PROTOTYPES = YES;
				CLANG_WARN_SUSPICIOUS_MOVE = YES;
				CLANG_WARN_UNGUARDED_AVAILABILITY = YES_AGGRESSIVE;
				CLANG_WARN_UNREACHABLE_CODE = YES;
				CLANG_WARN__DUPLICATE_METHOD_MATCH = YES;
				COPY_PHASE_STRIP = NO;
				DEBUG_INFORMATION_FORMAT = "dwarf-with-dsym";
				ENABLE_NS_ASSERTIONS = NO;
				ENABLE_STRICT_OBJC_MSGSEND = YES;
				ENABLE_USER_SCRIPT_SANDBOXING = YES;
				GCC_C_LANGUAGE_STANDARD = gnu17;
				GCC_NO_COMMON_BLOCKS = YES;
				GCC_WARN_64_TO_32_BIT_CONVERSION = YES;
				GCC_WARN_ABOUT_RETURN_TYPE = YES_ERROR;
				GCC_WARN_UNDECLARED_SELECTOR = YES;
				GCC_WARN_UNINITIALIZED_AUTOS = YES_AGGRESSIVE;
				GCC_WARN_UNUSED_FUNCTION = YES;
				GCC_WARN_UNUSED_VARIABLE = YES;
				INFOPLIST_KEY_CFBundleDisplayName = "NYTimesSwiftUI-Dev";
				IPHONEOS_DEPLOYMENT_TARGET = 15.0;
				LOCALIZATION_PREFERS_STRING_CATALOGS = YES;
				MTL_ENABLE_DEBUG_INFO = NO;
				MTL_FAST_MATH = YES;
				SDKROOT = iphoneos;
				SWIFT_COMPILATION_MODE = wholemodule;
				VALIDATE_PRODUCT = YES;
			};
			name = "Release-Dev";
		};
		0D4470CA2BD8616F00EED238 /* Release-Dev */ = {
			isa = XCBuildConfiguration;
			baseConfigurationReference = 0D4470DE2BD8684B00EED238 /* NYTimesSwiftUI-Dev.xcconfig */;
			buildSettings = {
				ASSETCATALOG_COMPILER_APPICON_NAME = AppIcon;
				ASSETCATALOG_COMPILER_GLOBAL_ACCENT_COLOR_NAME = AccentColor;
				CODE_SIGN_STYLE = Automatic;
				CURRENT_PROJECT_VERSION = 1;
				DEVELOPMENT_ASSET_PATHS = "\"NYTimesSwiftUI/Preview Content\"";
				DEVELOPMENT_TEAM = 5JKZDTN9RT;
				ENABLE_PREVIEWS = YES;
				GENERATE_INFOPLIST_FILE = YES;
				INFOPLIST_FILE = NYTimesSwiftUI/Info.plist;
				INFOPLIST_KEY_CFBundleDisplayName = "NYTimesSwiftUI-Dev";
				INFOPLIST_KEY_UIApplicationSceneManifest_Generation = YES;
				INFOPLIST_KEY_UIApplicationSupportsIndirectInputEvents = YES;
				INFOPLIST_KEY_UILaunchScreen_Generation = YES;
				INFOPLIST_KEY_UISupportedInterfaceOrientations = UIInterfaceOrientationPortrait;
				IPHONEOS_DEPLOYMENT_TARGET = 15.0;
				LD_RUNPATH_SEARCH_PATHS = (
					"$(inherited)",
					"@executable_path/Frameworks",
				);
				MARKETING_VERSION = 1.0;
				PRODUCT_BUNDLE_IDENTIFIER = com.akalhawas.NYTimesSwiftUI.dev;
				PRODUCT_NAME = "$(TARGET_NAME)";
				SWIFT_ACTIVE_COMPILATION_CONDITIONS = DEV;
				SWIFT_EMIT_LOC_STRINGS = YES;
				SWIFT_VERSION = 5.0;
				TARGETED_DEVICE_FAMILY = "1,2";
			};
			name = "Release-Dev";
		};
		0D4470CB2BD8616F00EED238 /* Release-Dev */ = {
			isa = XCBuildConfiguration;
			buildSettings = {
				ALWAYS_EMBED_SWIFT_STANDARD_LIBRARIES = YES;
				BUNDLE_LOADER = "$(TEST_HOST)";
				CODE_SIGN_STYLE = Automatic;
				CURRENT_PROJECT_VERSION = 1;
				DEVELOPMENT_TEAM = 5JKZDTN9RT;
				GENERATE_INFOPLIST_FILE = YES;
				IPHONEOS_DEPLOYMENT_TARGET = 17.2;
				MARKETING_VERSION = 1.0;
				PRODUCT_BUNDLE_IDENTIFIER = com.akalhawas.NYTimesSwiftUITests;
				PRODUCT_NAME = "$(TARGET_NAME)";
				SWIFT_EMIT_LOC_STRINGS = NO;
				SWIFT_VERSION = 5.0;
				TARGETED_DEVICE_FAMILY = "1,2";
				TEST_HOST = "$(BUILT_PRODUCTS_DIR)/NYTimesSwiftUI.app/$(BUNDLE_EXECUTABLE_FOLDER_PATH)/NYTimesSwiftUI";
			};
			name = "Release-Dev";
		};
		0D4470CC2BD8616F00EED238 /* Release-Dev */ = {
			isa = XCBuildConfiguration;
			buildSettings = {
				ALWAYS_EMBED_SWIFT_STANDARD_LIBRARIES = YES;
				CODE_SIGN_STYLE = Automatic;
				CURRENT_PROJECT_VERSION = 1;
				DEVELOPMENT_TEAM = 5JKZDTN9RT;
				GENERATE_INFOPLIST_FILE = YES;
				MARKETING_VERSION = 1.0;
				PRODUCT_BUNDLE_IDENTIFIER = com.akalhawas.NYTimesSwiftUIUITests;
				PRODUCT_NAME = "$(TARGET_NAME)";
				SWIFT_EMIT_LOC_STRINGS = NO;
				SWIFT_VERSION = 5.0;
				TARGETED_DEVICE_FAMILY = "1,2";
				TEST_TARGET_NAME = NYTimesSwiftUI;
			};
			name = "Release-Dev";
		};
		0D4470CD2BD862C600EED238 /* Debug-QA */ = {
			isa = XCBuildConfiguration;
			buildSettings = {
				ALWAYS_SEARCH_USER_PATHS = NO;
				ASSETCATALOG_COMPILER_GENERATE_SWIFT_ASSET_SYMBOL_EXTENSIONS = YES;
				CLANG_ANALYZER_NONNULL = YES;
				CLANG_ANALYZER_NUMBER_OBJECT_CONVERSION = YES_AGGRESSIVE;
				CLANG_CXX_LANGUAGE_STANDARD = "gnu++20";
				CLANG_ENABLE_MODULES = YES;
				CLANG_ENABLE_OBJC_ARC = YES;
				CLANG_ENABLE_OBJC_WEAK = YES;
				CLANG_WARN_BLOCK_CAPTURE_AUTORELEASING = YES;
				CLANG_WARN_BOOL_CONVERSION = YES;
				CLANG_WARN_COMMA = YES;
				CLANG_WARN_CONSTANT_CONVERSION = YES;
				CLANG_WARN_DEPRECATED_OBJC_IMPLEMENTATIONS = YES;
				CLANG_WARN_DIRECT_OBJC_ISA_USAGE = YES_ERROR;
				CLANG_WARN_DOCUMENTATION_COMMENTS = YES;
				CLANG_WARN_EMPTY_BODY = YES;
				CLANG_WARN_ENUM_CONVERSION = YES;
				CLANG_WARN_INFINITE_RECURSION = YES;
				CLANG_WARN_INT_CONVERSION = YES;
				CLANG_WARN_NON_LITERAL_NULL_CONVERSION = YES;
				CLANG_WARN_OBJC_IMPLICIT_RETAIN_SELF = YES;
				CLANG_WARN_OBJC_LITERAL_CONVERSION = YES;
				CLANG_WARN_OBJC_ROOT_CLASS = YES_ERROR;
				CLANG_WARN_QUOTED_INCLUDE_IN_FRAMEWORK_HEADER = YES;
				CLANG_WARN_RANGE_LOOP_ANALYSIS = YES;
				CLANG_WARN_STRICT_PROTOTYPES = YES;
				CLANG_WARN_SUSPICIOUS_MOVE = YES;
				CLANG_WARN_UNGUARDED_AVAILABILITY = YES_AGGRESSIVE;
				CLANG_WARN_UNREACHABLE_CODE = YES;
				CLANG_WARN__DUPLICATE_METHOD_MATCH = YES;
				COPY_PHASE_STRIP = NO;
				DEBUG_INFORMATION_FORMAT = dwarf;
				ENABLE_STRICT_OBJC_MSGSEND = YES;
				ENABLE_TESTABILITY = YES;
				ENABLE_USER_SCRIPT_SANDBOXING = YES;
				GCC_C_LANGUAGE_STANDARD = gnu17;
				GCC_DYNAMIC_NO_PIC = NO;
				GCC_NO_COMMON_BLOCKS = YES;
				GCC_OPTIMIZATION_LEVEL = 0;
				GCC_PREPROCESSOR_DEFINITIONS = (
					"DEBUG=1",
					"$(inherited)",
				);
				GCC_WARN_64_TO_32_BIT_CONVERSION = YES;
				GCC_WARN_ABOUT_RETURN_TYPE = YES_ERROR;
				GCC_WARN_UNDECLARED_SELECTOR = YES;
				GCC_WARN_UNINITIALIZED_AUTOS = YES_AGGRESSIVE;
				GCC_WARN_UNUSED_FUNCTION = YES;
				GCC_WARN_UNUSED_VARIABLE = YES;
				INFOPLIST_KEY_CFBundleDisplayName = "NYTimesSwiftUI-QA";
				IPHONEOS_DEPLOYMENT_TARGET = 15.0;
				LOCALIZATION_PREFERS_STRING_CATALOGS = YES;
				MTL_ENABLE_DEBUG_INFO = INCLUDE_SOURCE;
				MTL_FAST_MATH = YES;
				ONLY_ACTIVE_ARCH = YES;
				SDKROOT = iphoneos;
				SWIFT_ACTIVE_COMPILATION_CONDITIONS = "DEBUG $(inherited)";
				SWIFT_OPTIMIZATION_LEVEL = "-Onone";
			};
			name = "Debug-QA";
		};
		0D4470CE2BD862C600EED238 /* Debug-QA */ = {
			isa = XCBuildConfiguration;
			baseConfigurationReference = 0D4470E02BD8686600EED238 /* NYTimesSwiftUI-QA.xcconfig */;
			buildSettings = {
				ASSETCATALOG_COMPILER_APPICON_NAME = AppIcon;
				ASSETCATALOG_COMPILER_GLOBAL_ACCENT_COLOR_NAME = AccentColor;
				CODE_SIGN_STYLE = Automatic;
				CURRENT_PROJECT_VERSION = 1;
				DEVELOPMENT_ASSET_PATHS = "\"NYTimesSwiftUI/Preview Content\"";
				DEVELOPMENT_TEAM = 5JKZDTN9RT;
				ENABLE_PREVIEWS = YES;
				GENERATE_INFOPLIST_FILE = YES;
				INFOPLIST_FILE = NYTimesSwiftUI/Info.plist;
				INFOPLIST_KEY_CFBundleDisplayName = "NYTimesSwiftUI-Dev";
				INFOPLIST_KEY_UIApplicationSceneManifest_Generation = YES;
				INFOPLIST_KEY_UIApplicationSupportsIndirectInputEvents = YES;
				INFOPLIST_KEY_UILaunchScreen_Generation = YES;
				INFOPLIST_KEY_UISupportedInterfaceOrientations = UIInterfaceOrientationPortrait;
				IPHONEOS_DEPLOYMENT_TARGET = 15.0;
				LD_RUNPATH_SEARCH_PATHS = (
					"$(inherited)",
					"@executable_path/Frameworks",
				);
				MARKETING_VERSION = 1.0;
				PRODUCT_BUNDLE_IDENTIFIER = com.akalhawas.NYTimesSwiftUI.qa;
				PRODUCT_NAME = "$(TARGET_NAME)";
				SWIFT_ACTIVE_COMPILATION_CONDITIONS = "DEBUG QA";
				SWIFT_EMIT_LOC_STRINGS = YES;
				SWIFT_VERSION = 5.0;
				TARGETED_DEVICE_FAMILY = "1,2";
			};
			name = "Debug-QA";
		};
		0D4470CF2BD862C600EED238 /* Debug-QA */ = {
			isa = XCBuildConfiguration;
			buildSettings = {
				ALWAYS_EMBED_SWIFT_STANDARD_LIBRARIES = YES;
				BUNDLE_LOADER = "$(TEST_HOST)";
				CODE_SIGN_STYLE = Automatic;
				CURRENT_PROJECT_VERSION = 1;
				DEVELOPMENT_TEAM = 5JKZDTN9RT;
				GENERATE_INFOPLIST_FILE = YES;
				IPHONEOS_DEPLOYMENT_TARGET = 17.2;
				MARKETING_VERSION = 1.0;
				PRODUCT_BUNDLE_IDENTIFIER = com.akalhawas.NYTimesSwiftUITests;
				PRODUCT_NAME = "$(TARGET_NAME)";
				SWIFT_EMIT_LOC_STRINGS = NO;
				SWIFT_VERSION = 5.0;
				TARGETED_DEVICE_FAMILY = "1,2";
				TEST_HOST = "$(BUILT_PRODUCTS_DIR)/NYTimesSwiftUI.app/$(BUNDLE_EXECUTABLE_FOLDER_PATH)/NYTimesSwiftUI";
			};
			name = "Debug-QA";
		};
		0D4470D02BD862C600EED238 /* Debug-QA */ = {
			isa = XCBuildConfiguration;
			buildSettings = {
				ALWAYS_EMBED_SWIFT_STANDARD_LIBRARIES = YES;
				CODE_SIGN_STYLE = Automatic;
				CURRENT_PROJECT_VERSION = 1;
				DEVELOPMENT_TEAM = 5JKZDTN9RT;
				GENERATE_INFOPLIST_FILE = YES;
				MARKETING_VERSION = 1.0;
				PRODUCT_BUNDLE_IDENTIFIER = com.akalhawas.NYTimesSwiftUIUITests;
				PRODUCT_NAME = "$(TARGET_NAME)";
				SWIFT_EMIT_LOC_STRINGS = NO;
				SWIFT_VERSION = 5.0;
				TARGETED_DEVICE_FAMILY = "1,2";
				TEST_TARGET_NAME = NYTimesSwiftUI;
			};
			name = "Debug-QA";
		};
		0D4470D12BD862C900EED238 /* Debug-Prod */ = {
			isa = XCBuildConfiguration;
			buildSettings = {
				ALWAYS_SEARCH_USER_PATHS = NO;
				ASSETCATALOG_COMPILER_GENERATE_SWIFT_ASSET_SYMBOL_EXTENSIONS = YES;
				CLANG_ANALYZER_NONNULL = YES;
				CLANG_ANALYZER_NUMBER_OBJECT_CONVERSION = YES_AGGRESSIVE;
				CLANG_CXX_LANGUAGE_STANDARD = "gnu++20";
				CLANG_ENABLE_MODULES = YES;
				CLANG_ENABLE_OBJC_ARC = YES;
				CLANG_ENABLE_OBJC_WEAK = YES;
				CLANG_WARN_BLOCK_CAPTURE_AUTORELEASING = YES;
				CLANG_WARN_BOOL_CONVERSION = YES;
				CLANG_WARN_COMMA = YES;
				CLANG_WARN_CONSTANT_CONVERSION = YES;
				CLANG_WARN_DEPRECATED_OBJC_IMPLEMENTATIONS = YES;
				CLANG_WARN_DIRECT_OBJC_ISA_USAGE = YES_ERROR;
				CLANG_WARN_DOCUMENTATION_COMMENTS = YES;
				CLANG_WARN_EMPTY_BODY = YES;
				CLANG_WARN_ENUM_CONVERSION = YES;
				CLANG_WARN_INFINITE_RECURSION = YES;
				CLANG_WARN_INT_CONVERSION = YES;
				CLANG_WARN_NON_LITERAL_NULL_CONVERSION = YES;
				CLANG_WARN_OBJC_IMPLICIT_RETAIN_SELF = YES;
				CLANG_WARN_OBJC_LITERAL_CONVERSION = YES;
				CLANG_WARN_OBJC_ROOT_CLASS = YES_ERROR;
				CLANG_WARN_QUOTED_INCLUDE_IN_FRAMEWORK_HEADER = YES;
				CLANG_WARN_RANGE_LOOP_ANALYSIS = YES;
				CLANG_WARN_STRICT_PROTOTYPES = YES;
				CLANG_WARN_SUSPICIOUS_MOVE = YES;
				CLANG_WARN_UNGUARDED_AVAILABILITY = YES_AGGRESSIVE;
				CLANG_WARN_UNREACHABLE_CODE = YES;
				CLANG_WARN__DUPLICATE_METHOD_MATCH = YES;
				COPY_PHASE_STRIP = NO;
				DEBUG_INFORMATION_FORMAT = dwarf;
				ENABLE_STRICT_OBJC_MSGSEND = YES;
				ENABLE_TESTABILITY = YES;
				ENABLE_USER_SCRIPT_SANDBOXING = YES;
				GCC_C_LANGUAGE_STANDARD = gnu17;
				GCC_DYNAMIC_NO_PIC = NO;
				GCC_NO_COMMON_BLOCKS = YES;
				GCC_OPTIMIZATION_LEVEL = 0;
				GCC_PREPROCESSOR_DEFINITIONS = (
					"DEBUG=1",
					"$(inherited)",
				);
				GCC_WARN_64_TO_32_BIT_CONVERSION = YES;
				GCC_WARN_ABOUT_RETURN_TYPE = YES_ERROR;
				GCC_WARN_UNDECLARED_SELECTOR = YES;
				GCC_WARN_UNINITIALIZED_AUTOS = YES_AGGRESSIVE;
				GCC_WARN_UNUSED_FUNCTION = YES;
				GCC_WARN_UNUSED_VARIABLE = YES;
				INFOPLIST_KEY_CFBundleDisplayName = NYTimesSwiftUI;
				IPHONEOS_DEPLOYMENT_TARGET = 15.0;
				LOCALIZATION_PREFERS_STRING_CATALOGS = YES;
				MTL_ENABLE_DEBUG_INFO = INCLUDE_SOURCE;
				MTL_FAST_MATH = YES;
				ONLY_ACTIVE_ARCH = YES;
				SDKROOT = iphoneos;
				SWIFT_ACTIVE_COMPILATION_CONDITIONS = "DEBUG $(inherited)";
				SWIFT_OPTIMIZATION_LEVEL = "-Onone";
			};
			name = "Debug-Prod";
		};
		0D4470D22BD862C900EED238 /* Debug-Prod */ = {
			isa = XCBuildConfiguration;
			baseConfigurationReference = 0D4470E22BD8688200EED238 /* NYTimesSwiftUI-Prod.xcconfig */;
			buildSettings = {
				ASSETCATALOG_COMPILER_APPICON_NAME = AppIcon;
				ASSETCATALOG_COMPILER_GLOBAL_ACCENT_COLOR_NAME = AccentColor;
				CODE_SIGN_STYLE = Automatic;
				CURRENT_PROJECT_VERSION = 1;
				DEVELOPMENT_ASSET_PATHS = "\"NYTimesSwiftUI/Preview Content\"";
				DEVELOPMENT_TEAM = 5JKZDTN9RT;
				ENABLE_PREVIEWS = YES;
				GENERATE_INFOPLIST_FILE = YES;
				INFOPLIST_FILE = NYTimesSwiftUI/Info.plist;
				INFOPLIST_KEY_CFBundleDisplayName = "NYTimesSwiftUI-Dev";
				INFOPLIST_KEY_UIApplicationSceneManifest_Generation = YES;
				INFOPLIST_KEY_UIApplicationSupportsIndirectInputEvents = YES;
				INFOPLIST_KEY_UILaunchScreen_Generation = YES;
				INFOPLIST_KEY_UISupportedInterfaceOrientations = UIInterfaceOrientationPortrait;
				IPHONEOS_DEPLOYMENT_TARGET = 15.0;
				LD_RUNPATH_SEARCH_PATHS = (
					"$(inherited)",
					"@executable_path/Frameworks",
				);
				MARKETING_VERSION = 1.0;
				PRODUCT_BUNDLE_IDENTIFIER = com.akalhawas.NYTimesSwiftUI.prod;
				PRODUCT_NAME = "$(TARGET_NAME)";
				SWIFT_ACTIVE_COMPILATION_CONDITIONS = "DEBUG PROD";
				SWIFT_EMIT_LOC_STRINGS = YES;
				SWIFT_VERSION = 5.0;
				TARGETED_DEVICE_FAMILY = "1,2";
			};
			name = "Debug-Prod";
		};
		0D4470D32BD862C900EED238 /* Debug-Prod */ = {
			isa = XCBuildConfiguration;
			buildSettings = {
				ALWAYS_EMBED_SWIFT_STANDARD_LIBRARIES = YES;
				BUNDLE_LOADER = "$(TEST_HOST)";
				CODE_SIGN_STYLE = Automatic;
				CURRENT_PROJECT_VERSION = 1;
				DEVELOPMENT_TEAM = 5JKZDTN9RT;
				GENERATE_INFOPLIST_FILE = YES;
				IPHONEOS_DEPLOYMENT_TARGET = 17.2;
				MARKETING_VERSION = 1.0;
				PRODUCT_BUNDLE_IDENTIFIER = com.akalhawas.NYTimesSwiftUITests;
				PRODUCT_NAME = "$(TARGET_NAME)";
				SWIFT_EMIT_LOC_STRINGS = NO;
				SWIFT_VERSION = 5.0;
				TARGETED_DEVICE_FAMILY = "1,2";
				TEST_HOST = "$(BUILT_PRODUCTS_DIR)/NYTimesSwiftUI.app/$(BUNDLE_EXECUTABLE_FOLDER_PATH)/NYTimesSwiftUI";
			};
			name = "Debug-Prod";
		};
		0D4470D42BD862C900EED238 /* Debug-Prod */ = {
			isa = XCBuildConfiguration;
			buildSettings = {
				ALWAYS_EMBED_SWIFT_STANDARD_LIBRARIES = YES;
				CODE_SIGN_STYLE = Automatic;
				CURRENT_PROJECT_VERSION = 1;
				DEVELOPMENT_TEAM = 5JKZDTN9RT;
				GENERATE_INFOPLIST_FILE = YES;
				MARKETING_VERSION = 1.0;
				PRODUCT_BUNDLE_IDENTIFIER = com.akalhawas.NYTimesSwiftUIUITests;
				PRODUCT_NAME = "$(TARGET_NAME)";
				SWIFT_EMIT_LOC_STRINGS = NO;
				SWIFT_VERSION = 5.0;
				TARGETED_DEVICE_FAMILY = "1,2";
				TEST_TARGET_NAME = NYTimesSwiftUI;
			};
			name = "Debug-Prod";
		};
		0D4470D52BD862CE00EED238 /* Release-QA */ = {
			isa = XCBuildConfiguration;
			buildSettings = {
				ALWAYS_SEARCH_USER_PATHS = NO;
				ASSETCATALOG_COMPILER_GENERATE_SWIFT_ASSET_SYMBOL_EXTENSIONS = YES;
				CLANG_ANALYZER_NONNULL = YES;
				CLANG_ANALYZER_NUMBER_OBJECT_CONVERSION = YES_AGGRESSIVE;
				CLANG_CXX_LANGUAGE_STANDARD = "gnu++20";
				CLANG_ENABLE_MODULES = YES;
				CLANG_ENABLE_OBJC_ARC = YES;
				CLANG_ENABLE_OBJC_WEAK = YES;
				CLANG_WARN_BLOCK_CAPTURE_AUTORELEASING = YES;
				CLANG_WARN_BOOL_CONVERSION = YES;
				CLANG_WARN_COMMA = YES;
				CLANG_WARN_CONSTANT_CONVERSION = YES;
				CLANG_WARN_DEPRECATED_OBJC_IMPLEMENTATIONS = YES;
				CLANG_WARN_DIRECT_OBJC_ISA_USAGE = YES_ERROR;
				CLANG_WARN_DOCUMENTATION_COMMENTS = YES;
				CLANG_WARN_EMPTY_BODY = YES;
				CLANG_WARN_ENUM_CONVERSION = YES;
				CLANG_WARN_INFINITE_RECURSION = YES;
				CLANG_WARN_INT_CONVERSION = YES;
				CLANG_WARN_NON_LITERAL_NULL_CONVERSION = YES;
				CLANG_WARN_OBJC_IMPLICIT_RETAIN_SELF = YES;
				CLANG_WARN_OBJC_LITERAL_CONVERSION = YES;
				CLANG_WARN_OBJC_ROOT_CLASS = YES_ERROR;
				CLANG_WARN_QUOTED_INCLUDE_IN_FRAMEWORK_HEADER = YES;
				CLANG_WARN_RANGE_LOOP_ANALYSIS = YES;
				CLANG_WARN_STRICT_PROTOTYPES = YES;
				CLANG_WARN_SUSPICIOUS_MOVE = YES;
				CLANG_WARN_UNGUARDED_AVAILABILITY = YES_AGGRESSIVE;
				CLANG_WARN_UNREACHABLE_CODE = YES;
				CLANG_WARN__DUPLICATE_METHOD_MATCH = YES;
				COPY_PHASE_STRIP = NO;
				DEBUG_INFORMATION_FORMAT = "dwarf-with-dsym";
				ENABLE_NS_ASSERTIONS = NO;
				ENABLE_STRICT_OBJC_MSGSEND = YES;
				ENABLE_USER_SCRIPT_SANDBOXING = YES;
				GCC_C_LANGUAGE_STANDARD = gnu17;
				GCC_NO_COMMON_BLOCKS = YES;
				GCC_WARN_64_TO_32_BIT_CONVERSION = YES;
				GCC_WARN_ABOUT_RETURN_TYPE = YES_ERROR;
				GCC_WARN_UNDECLARED_SELECTOR = YES;
				GCC_WARN_UNINITIALIZED_AUTOS = YES_AGGRESSIVE;
				GCC_WARN_UNUSED_FUNCTION = YES;
				GCC_WARN_UNUSED_VARIABLE = YES;
				INFOPLIST_KEY_CFBundleDisplayName = "NYTimesSwiftUI-QA";
				IPHONEOS_DEPLOYMENT_TARGET = 15.0;
				LOCALIZATION_PREFERS_STRING_CATALOGS = YES;
				MTL_ENABLE_DEBUG_INFO = NO;
				MTL_FAST_MATH = YES;
				SDKROOT = iphoneos;
				SWIFT_COMPILATION_MODE = wholemodule;
				VALIDATE_PRODUCT = YES;
			};
			name = "Release-QA";
		};
		0D4470D62BD862CE00EED238 /* Release-QA */ = {
			isa = XCBuildConfiguration;
			baseConfigurationReference = 0D4470E02BD8686600EED238 /* NYTimesSwiftUI-QA.xcconfig */;
			buildSettings = {
				ASSETCATALOG_COMPILER_APPICON_NAME = AppIcon;
				ASSETCATALOG_COMPILER_GLOBAL_ACCENT_COLOR_NAME = AccentColor;
				CODE_SIGN_STYLE = Automatic;
				CURRENT_PROJECT_VERSION = 1;
				DEVELOPMENT_ASSET_PATHS = "\"NYTimesSwiftUI/Preview Content\"";
				DEVELOPMENT_TEAM = 5JKZDTN9RT;
				ENABLE_PREVIEWS = YES;
				GENERATE_INFOPLIST_FILE = YES;
				INFOPLIST_FILE = NYTimesSwiftUI/Info.plist;
				INFOPLIST_KEY_CFBundleDisplayName = "NYTimesSwiftUI-Dev";
				INFOPLIST_KEY_UIApplicationSceneManifest_Generation = YES;
				INFOPLIST_KEY_UIApplicationSupportsIndirectInputEvents = YES;
				INFOPLIST_KEY_UILaunchScreen_Generation = YES;
				INFOPLIST_KEY_UISupportedInterfaceOrientations = UIInterfaceOrientationPortrait;
				IPHONEOS_DEPLOYMENT_TARGET = 15.0;
				LD_RUNPATH_SEARCH_PATHS = (
					"$(inherited)",
					"@executable_path/Frameworks",
				);
				MARKETING_VERSION = 1.0;
				PRODUCT_BUNDLE_IDENTIFIER = com.akalhawas.NYTimesSwiftUI.qa;
				PRODUCT_NAME = "$(TARGET_NAME)";
				SWIFT_ACTIVE_COMPILATION_CONDITIONS = QA;
				SWIFT_EMIT_LOC_STRINGS = YES;
				SWIFT_VERSION = 5.0;
				TARGETED_DEVICE_FAMILY = "1,2";
			};
			name = "Release-QA";
		};
		0D4470D72BD862CE00EED238 /* Release-QA */ = {
			isa = XCBuildConfiguration;
			buildSettings = {
				ALWAYS_EMBED_SWIFT_STANDARD_LIBRARIES = YES;
				BUNDLE_LOADER = "$(TEST_HOST)";
				CODE_SIGN_STYLE = Automatic;
				CURRENT_PROJECT_VERSION = 1;
				DEVELOPMENT_TEAM = 5JKZDTN9RT;
				GENERATE_INFOPLIST_FILE = YES;
				IPHONEOS_DEPLOYMENT_TARGET = 17.2;
				MARKETING_VERSION = 1.0;
				PRODUCT_BUNDLE_IDENTIFIER = com.akalhawas.NYTimesSwiftUITests;
				PRODUCT_NAME = "$(TARGET_NAME)";
				SWIFT_EMIT_LOC_STRINGS = NO;
				SWIFT_VERSION = 5.0;
				TARGETED_DEVICE_FAMILY = "1,2";
				TEST_HOST = "$(BUILT_PRODUCTS_DIR)/NYTimesSwiftUI.app/$(BUNDLE_EXECUTABLE_FOLDER_PATH)/NYTimesSwiftUI";
			};
			name = "Release-QA";
		};
		0D4470D82BD862CE00EED238 /* Release-QA */ = {
			isa = XCBuildConfiguration;
			buildSettings = {
				ALWAYS_EMBED_SWIFT_STANDARD_LIBRARIES = YES;
				CODE_SIGN_STYLE = Automatic;
				CURRENT_PROJECT_VERSION = 1;
				DEVELOPMENT_TEAM = 5JKZDTN9RT;
				GENERATE_INFOPLIST_FILE = YES;
				MARKETING_VERSION = 1.0;
				PRODUCT_BUNDLE_IDENTIFIER = com.akalhawas.NYTimesSwiftUIUITests;
				PRODUCT_NAME = "$(TARGET_NAME)";
				SWIFT_EMIT_LOC_STRINGS = NO;
				SWIFT_VERSION = 5.0;
				TARGETED_DEVICE_FAMILY = "1,2";
				TEST_TARGET_NAME = NYTimesSwiftUI;
			};
			name = "Release-QA";
		};
		0D4470D92BD862D100EED238 /* Release-Prod */ = {
			isa = XCBuildConfiguration;
			buildSettings = {
				ALWAYS_SEARCH_USER_PATHS = NO;
				ASSETCATALOG_COMPILER_GENERATE_SWIFT_ASSET_SYMBOL_EXTENSIONS = YES;
				CLANG_ANALYZER_NONNULL = YES;
				CLANG_ANALYZER_NUMBER_OBJECT_CONVERSION = YES_AGGRESSIVE;
				CLANG_CXX_LANGUAGE_STANDARD = "gnu++20";
				CLANG_ENABLE_MODULES = YES;
				CLANG_ENABLE_OBJC_ARC = YES;
				CLANG_ENABLE_OBJC_WEAK = YES;
				CLANG_WARN_BLOCK_CAPTURE_AUTORELEASING = YES;
				CLANG_WARN_BOOL_CONVERSION = YES;
				CLANG_WARN_COMMA = YES;
				CLANG_WARN_CONSTANT_CONVERSION = YES;
				CLANG_WARN_DEPRECATED_OBJC_IMPLEMENTATIONS = YES;
				CLANG_WARN_DIRECT_OBJC_ISA_USAGE = YES_ERROR;
				CLANG_WARN_DOCUMENTATION_COMMENTS = YES;
				CLANG_WARN_EMPTY_BODY = YES;
				CLANG_WARN_ENUM_CONVERSION = YES;
				CLANG_WARN_INFINITE_RECURSION = YES;
				CLANG_WARN_INT_CONVERSION = YES;
				CLANG_WARN_NON_LITERAL_NULL_CONVERSION = YES;
				CLANG_WARN_OBJC_IMPLICIT_RETAIN_SELF = YES;
				CLANG_WARN_OBJC_LITERAL_CONVERSION = YES;
				CLANG_WARN_OBJC_ROOT_CLASS = YES_ERROR;
				CLANG_WARN_QUOTED_INCLUDE_IN_FRAMEWORK_HEADER = YES;
				CLANG_WARN_RANGE_LOOP_ANALYSIS = YES;
				CLANG_WARN_STRICT_PROTOTYPES = YES;
				CLANG_WARN_SUSPICIOUS_MOVE = YES;
				CLANG_WARN_UNGUARDED_AVAILABILITY = YES_AGGRESSIVE;
				CLANG_WARN_UNREACHABLE_CODE = YES;
				CLANG_WARN__DUPLICATE_METHOD_MATCH = YES;
				COPY_PHASE_STRIP = NO;
				DEBUG_INFORMATION_FORMAT = "dwarf-with-dsym";
				ENABLE_NS_ASSERTIONS = NO;
				ENABLE_STRICT_OBJC_MSGSEND = YES;
				ENABLE_USER_SCRIPT_SANDBOXING = YES;
				GCC_C_LANGUAGE_STANDARD = gnu17;
				GCC_NO_COMMON_BLOCKS = YES;
				GCC_WARN_64_TO_32_BIT_CONVERSION = YES;
				GCC_WARN_ABOUT_RETURN_TYPE = YES_ERROR;
				GCC_WARN_UNDECLARED_SELECTOR = YES;
				GCC_WARN_UNINITIALIZED_AUTOS = YES_AGGRESSIVE;
				GCC_WARN_UNUSED_FUNCTION = YES;
				GCC_WARN_UNUSED_VARIABLE = YES;
				INFOPLIST_KEY_CFBundleDisplayName = NYTimesSwiftUI;
				IPHONEOS_DEPLOYMENT_TARGET = 15.0;
				LOCALIZATION_PREFERS_STRING_CATALOGS = YES;
				MTL_ENABLE_DEBUG_INFO = NO;
				MTL_FAST_MATH = YES;
				SDKROOT = iphoneos;
				SWIFT_COMPILATION_MODE = wholemodule;
				VALIDATE_PRODUCT = YES;
			};
			name = "Release-Prod";
		};
		0D4470DA2BD862D100EED238 /* Release-Prod */ = {
			isa = XCBuildConfiguration;
			baseConfigurationReference = 0D4470E22BD8688200EED238 /* NYTimesSwiftUI-Prod.xcconfig */;
			buildSettings = {
				ASSETCATALOG_COMPILER_APPICON_NAME = AppIcon;
				ASSETCATALOG_COMPILER_GLOBAL_ACCENT_COLOR_NAME = AccentColor;
				CODE_SIGN_STYLE = Automatic;
				CURRENT_PROJECT_VERSION = 1;
				DEVELOPMENT_ASSET_PATHS = "\"NYTimesSwiftUI/Preview Content\"";
				DEVELOPMENT_TEAM = 5JKZDTN9RT;
				ENABLE_PREVIEWS = YES;
				GENERATE_INFOPLIST_FILE = YES;
				INFOPLIST_FILE = NYTimesSwiftUI/Info.plist;
				INFOPLIST_KEY_CFBundleDisplayName = "NYTimesSwiftUI-Dev";
				INFOPLIST_KEY_UIApplicationSceneManifest_Generation = YES;
				INFOPLIST_KEY_UIApplicationSupportsIndirectInputEvents = YES;
				INFOPLIST_KEY_UILaunchScreen_Generation = YES;
				INFOPLIST_KEY_UISupportedInterfaceOrientations = UIInterfaceOrientationPortrait;
				IPHONEOS_DEPLOYMENT_TARGET = 15.0;
				LD_RUNPATH_SEARCH_PATHS = (
					"$(inherited)",
					"@executable_path/Frameworks",
				);
				MARKETING_VERSION = 1.0;
				PRODUCT_BUNDLE_IDENTIFIER = com.akalhawas.NYTimesSwiftUI.prod;
				PRODUCT_NAME = "$(TARGET_NAME)";
				SWIFT_ACTIVE_COMPILATION_CONDITIONS = PROD;
				SWIFT_EMIT_LOC_STRINGS = YES;
				SWIFT_VERSION = 5.0;
				TARGETED_DEVICE_FAMILY = "1,2";
			};
			name = "Release-Prod";
		};
		0D4470DB2BD862D100EED238 /* Release-Prod */ = {
			isa = XCBuildConfiguration;
			buildSettings = {
				ALWAYS_EMBED_SWIFT_STANDARD_LIBRARIES = YES;
				BUNDLE_LOADER = "$(TEST_HOST)";
				CODE_SIGN_STYLE = Automatic;
				CURRENT_PROJECT_VERSION = 1;
				DEVELOPMENT_TEAM = 5JKZDTN9RT;
				GENERATE_INFOPLIST_FILE = YES;
				IPHONEOS_DEPLOYMENT_TARGET = 17.2;
				MARKETING_VERSION = 1.0;
				PRODUCT_BUNDLE_IDENTIFIER = com.akalhawas.NYTimesSwiftUITests;
				PRODUCT_NAME = "$(TARGET_NAME)";
				SWIFT_EMIT_LOC_STRINGS = NO;
				SWIFT_VERSION = 5.0;
				TARGETED_DEVICE_FAMILY = "1,2";
				TEST_HOST = "$(BUILT_PRODUCTS_DIR)/NYTimesSwiftUI.app/$(BUNDLE_EXECUTABLE_FOLDER_PATH)/NYTimesSwiftUI";
			};
			name = "Release-Prod";
		};
		0D4470DC2BD862D100EED238 /* Release-Prod */ = {
			isa = XCBuildConfiguration;
			buildSettings = {
				ALWAYS_EMBED_SWIFT_STANDARD_LIBRARIES = YES;
				CODE_SIGN_STYLE = Automatic;
				CURRENT_PROJECT_VERSION = 1;
				DEVELOPMENT_TEAM = 5JKZDTN9RT;
				GENERATE_INFOPLIST_FILE = YES;
				MARKETING_VERSION = 1.0;
				PRODUCT_BUNDLE_IDENTIFIER = com.akalhawas.NYTimesSwiftUIUITests;
				PRODUCT_NAME = "$(TARGET_NAME)";
				SWIFT_EMIT_LOC_STRINGS = NO;
				SWIFT_VERSION = 5.0;
				TARGETED_DEVICE_FAMILY = "1,2";
				TEST_TARGET_NAME = NYTimesSwiftUI;
			};
			name = "Release-Prod";
		};
/* End XCBuildConfiguration section */

/* Begin XCConfigurationList section */
		0D44708B2BD8613200EED238 /* Build configuration list for PBXProject "NYTimesSwiftUI" */ = {
			isa = XCConfigurationList;
			buildConfigurations = (
				0D4470B22BD8613500EED238 /* Debug-Dev */,
				0D4470D12BD862C900EED238 /* Debug-Prod */,
				0D4470CD2BD862C600EED238 /* Debug-QA */,
				0D4470C92BD8616F00EED238 /* Release-Dev */,
				0D4470D92BD862D100EED238 /* Release-Prod */,
				0D4470D52BD862CE00EED238 /* Release-QA */,
			);
			defaultConfigurationIsVisible = 0;
			defaultConfigurationName = "Debug-Dev";
		};
		0D4470B42BD8613500EED238 /* Build configuration list for PBXNativeTarget "NYTimesSwiftUI" */ = {
			isa = XCConfigurationList;
			buildConfigurations = (
				0D4470B52BD8613500EED238 /* Debug-Dev */,
				0D4470D22BD862C900EED238 /* Debug-Prod */,
				0D4470CE2BD862C600EED238 /* Debug-QA */,
				0D4470CA2BD8616F00EED238 /* Release-Dev */,
				0D4470DA2BD862D100EED238 /* Release-Prod */,
				0D4470D62BD862CE00EED238 /* Release-QA */,
			);
			defaultConfigurationIsVisible = 0;
			defaultConfigurationName = "Debug-Dev";
		};
		0D4470B72BD8613500EED238 /* Build configuration list for PBXNativeTarget "NYTimesSwiftUITests" */ = {
			isa = XCConfigurationList;
			buildConfigurations = (
				0D4470B82BD8613500EED238 /* Debug-Dev */,
				0D4470D32BD862C900EED238 /* Debug-Prod */,
				0D4470CF2BD862C600EED238 /* Debug-QA */,
				0D4470CB2BD8616F00EED238 /* Release-Dev */,
				0D4470DB2BD862D100EED238 /* Release-Prod */,
				0D4470D72BD862CE00EED238 /* Release-QA */,
			);
			defaultConfigurationIsVisible = 0;
			defaultConfigurationName = "Debug-Dev";
		};
		0D4470BA2BD8613500EED238 /* Build configuration list for PBXNativeTarget "NYTimesSwiftUIUITests" */ = {
			isa = XCConfigurationList;
			buildConfigurations = (
				0D4470BB2BD8613500EED238 /* Debug-Dev */,
				0D4470D42BD862C900EED238 /* Debug-Prod */,
				0D4470D02BD862C600EED238 /* Debug-QA */,
				0D4470CC2BD8616F00EED238 /* Release-Dev */,
				0D4470DC2BD862D100EED238 /* Release-Prod */,
				0D4470D82BD862CE00EED238 /* Release-QA */,
			);
			defaultConfigurationIsVisible = 0;
			defaultConfigurationName = "Debug-Dev";
		};
/* End XCConfigurationList section */
	};
	rootObject = 0D4470882BD8613200EED238 /* Project object */;
}
